// !$*UTF8*$!
{
	archiveVersion = 1;
	classes = {
	};
	objectVersion = 50;
	objects = {

/* Begin PBXBuildFile section */
		F99B1C7526CD47A4001B38E0 /* AppDelegate.swift in Sources */ = {isa = PBXBuildFile; fileRef = F99B1C7426CD47A4001B38E0 /* AppDelegate.swift */; };
		F99B1C7726CD47A4001B38E0 /* SceneDelegate.swift in Sources */ = {isa = PBXBuildFile; fileRef = F99B1C7626CD47A4001B38E0 /* SceneDelegate.swift */; };
		F99B1C7926CD47A4001B38E0 /* ViewController.swift in Sources */ = {isa = PBXBuildFile; fileRef = F99B1C7826CD47A4001B38E0 /* ViewController.swift */; };
		F99B1C7C26CD47A4001B38E0 /* Main.storyboard in Resources */ = {isa = PBXBuildFile; fileRef = F99B1C7A26CD47A4001B38E0 /* Main.storyboard */; };
		F99B1C7E26CD47A4001B38E0 /* Assets.xcassets in Resources */ = {isa = PBXBuildFile; fileRef = F99B1C7D26CD47A4001B38E0 /* Assets.xcassets */; };
		F99B1C8126CD47A4001B38E0 /* LaunchScreen.storyboard in Resources */ = {isa = PBXBuildFile; fileRef = F99B1C7F26CD47A4001B38E0 /* LaunchScreen.storyboard */; };
/* End PBXBuildFile section */

/* Begin PBXFileReference section */
		F99B1C7126CD47A4001B38E0 /* HKMovie6 Codeing Test.app */ = {isa = PBXFileReference; explicitFileType = wrapper.application; includeInIndex = 0; path = "HKMovie6 Codeing Test.app"; sourceTree = BUILT_PRODUCTS_DIR; };
		F99B1C7426CD47A4001B38E0 /* AppDelegate.swift */ = {isa = PBXFileReference; lastKnownFileType = sourcecode.swift; path = AppDelegate.swift; sourceTree = "<group>"; };
		F99B1C7626CD47A4001B38E0 /* SceneDelegate.swift */ = {isa = PBXFileReference; lastKnownFileType = sourcecode.swift; path = SceneDelegate.swift; sourceTree = "<group>"; };
		F99B1C7826CD47A4001B38E0 /* ViewController.swift */ = {isa = PBXFileReference; lastKnownFileType = sourcecode.swift; path = ViewController.swift; sourceTree = "<group>"; };
		F99B1C7B26CD47A4001B38E0 /* Base */ = {isa = PBXFileReference; lastKnownFileType = file.storyboard; name = Base; path = Base.lproj/Main.storyboard; sourceTree = "<group>"; };
		F99B1C7D26CD47A4001B38E0 /* Assets.xcassets */ = {isa = PBXFileReference; lastKnownFileType = folder.assetcatalog; path = Assets.xcassets; sourceTree = "<group>"; };
		F99B1C8026CD47A4001B38E0 /* Base */ = {isa = PBXFileReference; lastKnownFileType = file.storyboard; name = Base; path = Base.lproj/LaunchScreen.storyboard; sourceTree = "<group>"; };
		F99B1C8226CD47A4001B38E0 /* Info.plist */ = {isa = PBXFileReference; lastKnownFileType = text.plist.xml; path = Info.plist; sourceTree = "<group>"; };
/* End PBXFileReference section */

/* Begin PBXFrameworksBuildPhase section */
		F99B1C6E26CD47A4001B38E0 /* Frameworks */ = {
			isa = PBXFrameworksBuildPhase;
			buildActionMask = 2147483647;
			files = (
			);
			runOnlyForDeploymentPostprocessing = 0;
		};
/* End PBXFrameworksBuildPhase section */

/* Begin PBXGroup section */
		F99B1C6826CD47A4001B38E0 = {
			isa = PBXGroup;
			children = (
				F99B1C7326CD47A4001B38E0 /* HKMovie6 Codeing Test */,
				F99B1C7226CD47A4001B38E0 /* Products */,
			);
			sourceTree = "<group>";
		};
		F99B1C7226CD47A4001B38E0 /* Products */ = {
			isa = PBXGroup;
			children = (
				F99B1C7126CD47A4001B38E0 /* HKMovie6 Codeing Test.app */,
			);
			name = Products;
			sourceTree = "<group>";
		};
		F99B1C7326CD47A4001B38E0 /* HKMovie6 Codeing Test */ = {
			isa = PBXGroup;
			children = (
				F99B1C7426CD47A4001B38E0 /* AppDelegate.swift */,
				F99B1C7626CD47A4001B38E0 /* SceneDelegate.swift */,
				F99B1C7826CD47A4001B38E0 /* ViewController.swift */,
				F99B1C7A26CD47A4001B38E0 /* Main.storyboard */,
				F99B1C7D26CD47A4001B38E0 /* Assets.xcassets */,
				F99B1C7F26CD47A4001B38E0 /* LaunchScreen.storyboard */,
				F99B1C8226CD47A4001B38E0 /* Info.plist */,
			);
			path = "HKMovie6 Codeing Test";
			sourceTree = "<group>";
		};
/* End PBXGroup section */

/* Begin PBXNativeTarget section */
		F99B1C7026CD47A4001B38E0 /* HKMovie6 Codeing Test */ = {
			isa = PBXNativeTarget;
			buildConfigurationList = F99B1C8526CD47A4001B38E0 /* Build configuration list for PBXNativeTarget "HKMovie6 Codeing Test" */;
			buildPhases = (
				F99B1C6D26CD47A4001B38E0 /* Sources */,
				F99B1C6E26CD47A4001B38E0 /* Frameworks */,
				F99B1C6F26CD47A4001B38E0 /* Resources */,
			);
			buildRules = (
			);
			dependencies = (
			);
			name = "HKMovie6 Codeing Test";
			productName = "HKMovie6 Codeing Test";
			productReference = F99B1C7126CD47A4001B38E0 /* HKMovie6 Codeing Test.app */;
			productType = "com.apple.product-type.application";
		};
/* End PBXNativeTarget section */

/* Begin PBXProject section */
		F99B1C6926CD47A4001B38E0 /* Project object */ = {
			isa = PBXProject;
			attributes = {
				LastSwiftUpdateCheck = 1250;
				LastUpgradeCheck = 1250;
				TargetAttributes = {
					F99B1C7026CD47A4001B38E0 = {
						CreatedOnToolsVersion = 12.5.1;
					};
				};
			};
			buildConfigurationList = F99B1C6C26CD47A4001B38E0 /* Build configuration list for PBXProject "HKMovie6 Codeing Test" */;
			compatibilityVersion = "Xcode 9.3";
			developmentRegion = en;
			hasScannedForEncodings = 0;
			knownRegions = (
				en,
				Base,
			);
			mainGroup = F99B1C6826CD47A4001B38E0;
			productRefGroup = F99B1C7226CD47A4001B38E0 /* Products */;
			projectDirPath = "";
			projectRoot = "";
			targets = (
				F99B1C7026CD47A4001B38E0 /* HKMovie6 Codeing Test */,
			);
		};
/* End PBXProject section */

/* Begin PBXResourcesBuildPhase section */
		F99B1C6F26CD47A4001B38E0 /* Resources */ = {
			isa = PBXResourcesBuildPhase;
			buildActionMask = 2147483647;
			files = (
				F99B1C8126CD47A4001B38E0 /* LaunchScreen.storyboard in Resources */,
				F99B1C7E26CD47A4001B38E0 /* Assets.xcassets in Resources */,
				F99B1C7C26CD47A4001B38E0 /* Main.storyboard in Resources */,
			);
			runOnlyForDeploymentPostprocessing = 0;
		};
/* End PBXResourcesBuildPhase section */

/* Begin PBXSourcesBuildPhase section */
		F99B1C6D26CD47A4001B38E0 /* Sources */ = {
			isa = PBXSourcesBuildPhase;
			buildActionMask = 2147483647;
			files = (
				F99B1C7926CD47A4001B38E0 /* ViewController.swift in Sources */,
				F99B1C7526CD47A4001B38E0 /* AppDelegate.swift in Sources */,
				F99B1C7726CD47A4001B38E0 /* SceneDelegate.swift in Sources */,
			);
			runOnlyForDeploymentPostprocessing = 0;
		};
/* End PBXSourcesBuildPhase section */

/* Begin PBXVariantGroup section */
		F99B1C7A26CD47A4001B38E0 /* Main.storyboard */ = {
			isa = PBXVariantGroup;
			children = (
				F99B1C7B26CD47A4001B38E0 /* Base */,
			);
			name = Main.storyboard;
			sourceTree = "<group>";
		};
		F99B1C7F26CD47A4001B38E0 /* LaunchScreen.storyboard */ = {
			isa = PBXVariantGroup;
			children = (
				F99B1C8026CD47A4001B38E0 /* Base */,
			);
			name = LaunchScreen.storyboard;
			sourceTree = "<group>";
		};
/* End PBXVariantGroup section */

/* Begin XCBuildConfiguration section */
		F99B1C8326CD47A4001B38E0 /* Debug */ = {
			isa = XCBuildConfiguration;
			buildSettings = {
				ALWAYS_SEARCH_USER_PATHS = NO;
				CLANG_ANALYZER_NONNULL = YES;
				CLANG_ANALYZER_NUMBER_OBJECT_CONVERSION = YES_AGGRESSIVE;
				CLANG_CXX_LANGUAGE_STANDARD = "gnu++14";
				CLANG_CXX_LIBRARY = "libc++";
				CLANG_ENABLE_MODULES = YES;
				CLANG_ENABLE_OBJC_ARC = YES;
				CLANG_ENABLE_OBJC_WEAK = YES;
				CLANG_WARN_BLOCK_CAPTURE_AUTORELEASING = YES;
				CLANG_WARN_BOOL_CONVERSION = YES;
				CLANG_WARN_COMMA = YES;
				CLANG_WARN_CONSTANT_CONVERSION = YES;
				CLANG_WARN_DEPRECATED_OBJC_IMPLEMENTATIONS = YES;
				CLANG_WARN_DIRECT_OBJC_ISA_USAGE = YES_ERROR;
				CLANG_WARN_DOCUMENTATION_COMMENTS = YES;
				CLANG_WARN_EMPTY_BODY = YES;
				CLANG_WARN_ENUM_CONVERSION = YES;
				CLANG_WARN_INFINITE_RECURSION = YES;
				CLANG_WARN_INT_CONVERSION = YES;
				CLANG_WARN_NON_LITERAL_NULL_CONVERSION = YES;
				CLANG_WARN_OBJC_IMPLICIT_RETAIN_SELF = YES;
				CLANG_WARN_OBJC_LITERAL_CONVERSION = YES;
				CLANG_WARN_OBJC_ROOT_CLASS = YES_ERROR;
				CLANG_WARN_QUOTED_INCLUDE_IN_FRAMEWORK_HEADER = YES;
				CLANG_WARN_RANGE_LOOP_ANALYSIS = YES;
				CLANG_WARN_STRICT_PROTOTYPES = YES;
				CLANG_WARN_SUSPICIOUS_MOVE = YES;
				CLANG_WARN_UNGUARDED_AVAILABILITY = YES_AGGRESSIVE;
				CLANG_WARN_UNREACHABLE_CODE = YES;
				CLANG_WARN__DUPLICATE_METHOD_MATCH = YES;
				COPY_PHASE_STRIP = NO;
				DEBUG_INFORMATION_FORMAT = dwarf;
				ENABLE_STRICT_OBJC_MSGSEND = YES;
				ENABLE_TESTABILITY = YES;
				GCC_C_LANGUAGE_STANDARD = gnu11;
				GCC_DYNAMIC_NO_PIC = NO;
				GCC_NO_COMMON_BLOCKS = YES;
				GCC_OPTIMIZATION_LEVEL = 0;
				GCC_PREPROCESSOR_DEFINITIONS = (
					"DEBUG=1",
					"$(inherited)",
				);
				GCC_WARN_64_TO_32_BIT_CONVERSION = YES;
				GCC_WARN_ABOUT_RETURN_TYPE = YES_ERROR;
				GCC_WARN_UNDECLARED_SELECTOR = YES;
				GCC_WARN_UNINITIALIZED_AUTOS = YES_AGGRESSIVE;
				GCC_WARN_UNUSED_FUNCTION = YES;
				GCC_WARN_UNUSED_VARIABLE = YES;
				IPHONEOS_DEPLOYMENT_TARGET = 14.5;
				MTL_ENABLE_DEBUG_INFO = INCLUDE_SOURCE;
				MTL_FAST_MATH = YES;
				ONLY_ACTIVE_ARCH = YES;
				SDKROOT = iphoneos;
				SWIFT_ACTIVE_COMPILATION_CONDITIONS = DEBUG;
				SWIFT_OPTIMIZATION_LEVEL = "-Onone";
			};
			name = Debug;
		};
		F99B1C8426CD47A4001B38E0 /* Release */ = {
			isa = XCBuildConfiguration;
			buildSettings = {
				ALWAYS_SEARCH_USER_PATHS = NO;
				CLANG_ANALYZER_NONNULL = YES;
				CLANG_ANALYZER_NUMBER_OBJECT_CONVERSION = YES_AGGRESSIVE;
				CLANG_CXX_LANGUAGE_STANDARD = "gnu++14";
				CLANG_CXX_LIBRARY = "libc++";
				CLANG_ENABLE_MODULES = YES;
				CLANG_ENABLE_OBJC_ARC = YES;
				CLANG_ENABLE_OBJC_WEAK = YES;
				CLANG_WARN_BLOCK_CAPTURE_AUTORELEASING = YES;
				CLANG_WARN_BOOL_CONVERSION = YES;
				CLANG_WARN_COMMA = YES;
				CLANG_WARN_CONSTANT_CONVERSION = YES;
				CLANG_WARN_DEPRECATED_OBJC_IMPLEMENTATIONS = YES;
				CLANG_WARN_DIRECT_OBJC_ISA_USAGE = YES_ERROR;
				CLANG_WARN_DOCUMENTATION_COMMENTS = YES;
				CLANG_WARN_EMPTY_BODY = YES;
				CLANG_WARN_ENUM_CONVERSION = YES;
				CLANG_WARN_INFINITE_RECURSION = YES;
				CLANG_WARN_INT_CONVERSION = YES;
				CLANG_WARN_NON_LITERAL_NULL_CONVERSION = YES;
				CLANG_WARN_OBJC_IMPLICIT_RETAIN_SELF = YES;
				CLANG_WARN_OBJC_LITERAL_CONVERSION = YES;
				CLANG_WARN_OBJC_ROOT_CLASS = YES_ERROR;
				CLANG_WARN_QUOTED_INCLUDE_IN_FRAMEWORK_HEADER = YES;
				CLANG_WARN_RANGE_LOOP_ANALYSIS = YES;
				CLANG_WARN_STRICT_PROTOTYPES = YES;
				CLANG_WARN_SUSPICIOUS_MOVE = YES;
				CLANG_WARN_UNGUARDED_AVAILABILITY = YES_AGGRESSIVE;
				CLANG_WARN_UNREACHABLE_CODE = YES;
				CLANG_WARN__DUPLICATE_METHOD_MATCH = YES;
				COPY_PHASE_STRIP = NO;
				DEBUG_INFORMATION_FORMAT = "dwarf-with-dsym";
				ENABLE_NS_ASSERTIONS = NO;
				ENABLE_STRICT_OBJC_MSGSEND = YES;
				GCC_C_LANGUAGE_STANDARD = gnu11;
				GCC_NO_COMMON_BLOCKS = YES;
				GCC_WARN_64_TO_32_BIT_CONVERSION = YES;
				GCC_WARN_ABOUT_RETURN_TYPE = YES_ERROR;
				GCC_WARN_UNDECLARED_SELECTOR = YES;
				GCC_WARN_UNINITIALIZED_AUTOS = YES_AGGRESSIVE;
				GCC_WARN_UNUSED_FUNCTION = YES;
				GCC_WARN_UNUSED_VARIABLE = YES;
				IPHONEOS_DEPLOYMENT_TARGET = 14.5;
				MTL_ENABLE_DEBUG_INFO = NO;
				MTL_FAST_MATH = YES;
				SDKROOT = iphoneos;
				SWIFT_COMPILATION_MODE = wholemodule;
				SWIFT_OPTIMIZATION_LEVEL = "-O";
				VALIDATE_PRODUCT = YES;
			};
			name = Release;
		};
		F99B1C8626CD47A4001B38E0 /* Debug */ = {
			isa = XCBuildConfiguration;
			buildSettings = {
				ASSETCATALOG_COMPILER_APPICON_NAME = AppIcon;
				ASSETCATALOG_COMPILER_GLOBAL_ACCENT_COLOR_NAME = AccentColor;
				CODE_SIGN_STYLE = Automatic;
				INFOPLIST_FILE = "HKMovie6 Codeing Test/Info.plist";
				LD_RUNPATH_SEARCH_PATHS = (
					"$(inherited)",
					"@executable_path/Frameworks",
				);
				PRODUCT_BUNDLE_IDENTIFIER = "com.leonardpark.HKMovie6-Codeing-Test";
				PRODUCT_NAME = "$(TARGET_NAME)";
				SWIFT_VERSION = 5.0;
				TARGETED_DEVICE_FAMILY = "1,2";
			};
			name = Debug;
		};
		F99B1C8726CD47A4001B38E0 /* Release */ = {
			isa = XCBuildConfiguration;
			buildSettings = {
				ASSETCATALOG_COMPILER_APPICON_NAME = AppIcon;
				ASSETCATALOG_COMPILER_GLOBAL_ACCENT_COLOR_NAME = AccentColor;
				CODE_SIGN_STYLE = Automatic;
				INFOPLIST_FILE = "HKMovie6 Codeing Test/Info.plist";
				LD_RUNPATH_SEARCH_PATHS = (
					"$(inherited)",
					"@executable_path/Frameworks",
				);
				PRODUCT_BUNDLE_IDENTIFIER = "com.leonardpark.HKMovie6-Codeing-Test";
				PRODUCT_NAME = "$(TARGET_NAME)";
				SWIFT_VERSION = 5.0;
				TARGETED_DEVICE_FAMILY = "1,2";
			};
			name = Release;
		};
/* End XCBuildConfiguration section */

/* Begin XCConfigurationList section */
		F99B1C6C26CD47A4001B38E0 /* Build configuration list for PBXProject "HKMovie6 Codeing Test" */ = {
			isa = XCConfigurationList;
			buildConfigurations = (
				F99B1C8326CD47A4001B38E0 /* Debug */,
				F99B1C8426CD47A4001B38E0 /* Release */,
			);
			defaultConfigurationIsVisible = 0;
			defaultConfigurationName = Release;
		};
		F99B1C8526CD47A4001B38E0 /* Build configuration list for PBXNativeTarget "HKMovie6 Codeing Test" */ = {
			isa = XCConfigurationList;
			buildConfigurations = (
				F99B1C8626CD47A4001B38E0 /* Debug */,
				F99B1C8726CD47A4001B38E0 /* Release */,
			);
			defaultConfigurationIsVisible = 0;
			defaultConfigurationName = Release;
		};
/* End XCConfigurationList section */
	};
	rootObject = F99B1C6926CD47A4001B38E0 /* Project object */;
}
